{
  "name": "ahrefs",
  "version": "0.1.0",
  "lockfileVersion": 1,
  "requires": true,
  "dependencies": {
    "@glennsl/bs-json": {
      "version": "5.0.1",
      "resolved": "https://registry.npmjs.org/@glennsl/bs-json/-/bs-json-5.0.1.tgz",
      "integrity": "sha512-tDxqeO4LCUz3HIwsdqyM4OIUk/bIV8QwDuhNbqy3hHIVEciePbJXTSyXMKsoIFs3ukQY8ZsQXskONtOK4TyLfA=="
    }
  }
}
